// !$*UTF8*$!
{
	archiveVersion = 1;
	classes = {
	};
	objectVersion = 46;
	objects = {

/* Begin PBXBuildFile section */
		8B18957215CDD685007A5822 /* pcre_chartables.c in Sources */ = {isa = PBXBuildFile; fileRef = 8B18955B15CDD685007A5822 /* pcre_chartables.c */; };
		8B18957315CDD685007A5822 /* pcre_compile.c in Sources */ = {isa = PBXBuildFile; fileRef = 8B18955C15CDD685007A5822 /* pcre_compile.c */; };
		8B18957415CDD685007A5822 /* pcre_config.c in Sources */ = {isa = PBXBuildFile; fileRef = 8B18955D15CDD685007A5822 /* pcre_config.c */; };
		8B18957515CDD685007A5822 /* pcre_dfa_exec.c in Sources */ = {isa = PBXBuildFile; fileRef = 8B18955E15CDD685007A5822 /* pcre_dfa_exec.c */; };
		8B18957615CDD685007A5822 /* pcre_exec.c in Sources */ = {isa = PBXBuildFile; fileRef = 8B18956015CDD685007A5822 /* pcre_exec.c */; };
		8B18957715CDD685007A5822 /* pcre_fullinfo.c in Sources */ = {isa = PBXBuildFile; fileRef = 8B18956115CDD685007A5822 /* pcre_fullinfo.c */; };
		8B18957815CDD685007A5822 /* pcre_get.c in Sources */ = {isa = PBXBuildFile; fileRef = 8B18956215CDD685007A5822 /* pcre_get.c */; };
		8B18957915CDD685007A5822 /* pcre_globals.c in Sources */ = {isa = PBXBuildFile; fileRef = 8B18956315CDD685007A5822 /* pcre_globals.c */; };
		8B18957A15CDD685007A5822 /* pcre_info.c in Sources */ = {isa = PBXBuildFile; fileRef = 8B18956415CDD685007A5822 /* pcre_info.c */; };
		8B18957B15CDD685007A5822 /* pcre_internal.h in Headers */ = {isa = PBXBuildFile; fileRef = 8B18956515CDD685007A5822 /* pcre_internal.h */; };
		8B18957C15CDD685007A5822 /* pcre_maketables.c in Sources */ = {isa = PBXBuildFile; fileRef = 8B18956615CDD685007A5822 /* pcre_maketables.c */; };
		8B18957D15CDD685007A5822 /* pcre_newline.c in Sources */ = {isa = PBXBuildFile; fileRef = 8B18956715CDD685007A5822 /* pcre_newline.c */; };
		8B18957E15CDD685007A5822 /* pcre_ord2utf8.c in Sources */ = {isa = PBXBuildFile; fileRef = 8B18956815CDD685007A5822 /* pcre_ord2utf8.c */; };
		8B18957F15CDD685007A5822 /* pcre_refcount.c in Sources */ = {isa = PBXBuildFile; fileRef = 8B18956A15CDD685007A5822 /* pcre_refcount.c */; };
		8B18958015CDD685007A5822 /* pcre_study.c in Sources */ = {isa = PBXBuildFile; fileRef = 8B18956B15CDD685007A5822 /* pcre_study.c */; };
		8B18958115CDD685007A5822 /* pcre_tables.c in Sources */ = {isa = PBXBuildFile; fileRef = 8B18956C15CDD685007A5822 /* pcre_tables.c */; };
		8B18958215CDD685007A5822 /* pcre_try_flipped.c in Sources */ = {isa = PBXBuildFile; fileRef = 8B18956D15CDD685007A5822 /* pcre_try_flipped.c */; };
		8B18958315CDD685007A5822 /* pcre_ucd.c in Sources */ = {isa = PBXBuildFile; fileRef = 8B18956E15CDD685007A5822 /* pcre_ucd.c */; };
		8B18958415CDD685007A5822 /* pcre_valid_utf8.c in Sources */ = {isa = PBXBuildFile; fileRef = 8B18956F15CDD685007A5822 /* pcre_valid_utf8.c */; };
		8B18958515CDD685007A5822 /* pcre_version.c in Sources */ = {isa = PBXBuildFile; fileRef = 8B18957015CDD685007A5822 /* pcre_version.c */; };
		8B18958615CDD685007A5822 /* pcre_xclass.c in Sources */ = {isa = PBXBuildFile; fileRef = 8B18957115CDD685007A5822 /* pcre_xclass.c */; };
		8B18958815CDD6AC007A5822 /* sqlite3_localamalgam.c in Sources */ = {isa = PBXBuildFile; fileRef = 8B18958715CDD6AC007A5822 /* sqlite3_localamalgam.c */; };
		8B1895AA15CDD6D2007A5822 /* arena.cpp in Sources */ = {isa = PBXBuildFile; fileRef = 8B18958915CDD6D2007A5822 /* arena.cpp */; };
		8B1895AB15CDD6D2007A5822 /* bptemdfdb.cpp in Sources */ = {isa = PBXBuildFile; fileRef = 8B18958A15CDD6D2007A5822 /* bptemdfdb.cpp */; };
		8B1895AC15CDD6D2007A5822 /* conn.cpp in Sources */ = {isa = PBXBuildFile; fileRef = 8B18958B15CDD6D2007A5822 /* conn.cpp */; };
		8B1895AD15CDD6D2007A5822 /* crc32.cpp in Sources */ = {isa = PBXBuildFile; fileRef = 8B18958C15CDD6D2007A5822 /* crc32.cpp */; };
		8B1895AE15CDD6D2007A5822 /* emdf_ffeatures.cpp in Sources */ = {isa = PBXBuildFile; fileRef = 8B18958D15CDD6D2007A5822 /* emdf_ffeatures.cpp */; };
		8B1895AF15CDD6D2007A5822 /* emdf_output.cpp in Sources */ = {isa = PBXBuildFile; fileRef = 8B18958E15CDD6D2007A5822 /* emdf_output.cpp */; };
		8B1895B015CDD6D2007A5822 /* emdf_value.cpp in Sources */ = {isa = PBXBuildFile; fileRef = 8B18958F15CDD6D2007A5822 /* emdf_value.cpp */; };
		8B1895B115CDD6D2007A5822 /* emdfdb.cpp in Sources */ = {isa = PBXBuildFile; fileRef = 8B18959015CDD6D2007A5822 /* emdfdb.cpp */; };
		8B1895B215CDD6D2007A5822 /* encryption.cpp in Sources */ = {isa = PBXBuildFile; fileRef = 8B18959115CDD6D2007A5822 /* encryption.cpp */; };
		8B1895B315CDD6D2007A5822 /* enum_const_cache.cpp in Sources */ = {isa = PBXBuildFile; fileRef = 8B18959215CDD6D2007A5822 /* enum_const_cache.cpp */; };
		8B1895B415CDD6D2007A5822 /* infos.cpp in Sources */ = {isa = PBXBuildFile; fileRef = 8B18959315CDD6D2007A5822 /* infos.cpp */; };
		8B1895B515CDD6D2007A5822 /* inst_object.cpp in Sources */ = {isa = PBXBuildFile; fileRef = 8B18959415CDD6D2007A5822 /* inst_object.cpp */; };
		8B1895B615CDD6D2007A5822 /* inst.cpp in Sources */ = {isa = PBXBuildFile; fileRef = 8B18959515CDD6D2007A5822 /* inst.cpp */; };
		8B1895B715CDD6D2007A5822 /* json_classes.cpp in Sources */ = {isa = PBXBuildFile; fileRef = 8B18959615CDD6D2007A5822 /* json_classes.cpp */; };
		8B1895B815CDD6D2007A5822 /* json_lexer.cpp in Sources */ = {isa = PBXBuildFile; fileRef = 8B18959715CDD6D2007A5822 /* json_lexer.cpp */; };
		8B1895B915CDD6D2007A5822 /* json_parser.cpp in Sources */ = {isa = PBXBuildFile; fileRef = 8B18959815CDD6D2007A5822 /* json_parser.cpp */; };
		8B1895BA15CDD6D2007A5822 /* logging.cpp in Sources */ = {isa = PBXBuildFile; fileRef = 8B18959915CDD6D2007A5822 /* logging.cpp */; };
		8B1895BB15CDD6D2007A5822 /* minidom.cpp in Sources */ = {isa = PBXBuildFile; fileRef = 8B18959A15CDD6D2007A5822 /* minidom.cpp */; };
		8B1895BC15CDD6D2007A5822 /* monads.cpp in Sources */ = {isa = PBXBuildFile; fileRef = 8B18959B15CDD6D2007A5822 /* monads.cpp */; };
		8B1895BE15CDD6D2007A5822 /* mysqlemdfdb.cpp in Sources */ = {isa = PBXBuildFile; fileRef = 8B18959D15CDD6D2007A5822 /* mysqlemdfdb.cpp */; };
		8B1895C115CDD6D2007A5822 /* qdxml.cpp in Sources */ = {isa = PBXBuildFile; fileRef = 8B1895A015CDD6D2007A5822 /* qdxml.cpp */; };
		8B1895C215CDD6D2007A5822 /* sqlite3conn.cpp in Sources */ = {isa = PBXBuildFile; fileRef = 8B1895A115CDD6D2007A5822 /* sqlite3conn.cpp */; };
		8B1895C315CDD6D2007A5822 /* sqlite3emdfdb.cpp in Sources */ = {isa = PBXBuildFile; fileRef = 8B1895A215CDD6D2007A5822 /* sqlite3emdfdb.cpp */; };
		8B1895C615CDD6D2007A5822 /* string_func.cpp in Sources */ = {isa = PBXBuildFile; fileRef = 8B1895A515CDD6D2007A5822 /* string_func.cpp */; };
		8B1895C715CDD6D2007A5822 /* string_list.cpp in Sources */ = {isa = PBXBuildFile; fileRef = 8B1895A615CDD6D2007A5822 /* string_list.cpp */; };
		8B1895C815CDD6D2007A5822 /* string_set_cache.cpp in Sources */ = {isa = PBXBuildFile; fileRef = 8B1895A715CDD6D2007A5822 /* string_set_cache.cpp */; };
		8B1895C915CDD6D2007A5822 /* table.cpp in Sources */ = {isa = PBXBuildFile; fileRef = 8B1895A815CDD6D2007A5822 /* table.cpp */; };
		8B1895CA15CDD6D2007A5822 /* utils.cpp in Sources */ = {isa = PBXBuildFile; fileRef = 8B1895A915CDD6D2007A5822 /* utils.cpp */; };
		8B1895E415CDD6F7007A5822 /* emdros_environment.cpp in Sources */ = {isa = PBXBuildFile; fileRef = 8B1895CB15CDD6F7007A5822 /* emdros_environment.cpp */; };
		8B1895E515CDD6F7007A5822 /* mql_database_statements.cpp in Sources */ = {isa = PBXBuildFile; fileRef = 8B1895CC15CDD6F7007A5822 /* mql_database_statements.cpp */; };
		8B1895E615CDD6F7007A5822 /* mql_enumeration_statements.cpp in Sources */ = {isa = PBXBuildFile; fileRef = 8B1895CD15CDD6F7007A5822 /* mql_enumeration_statements.cpp */; };
		8B1895E715CDD6F7007A5822 /* mql_error.cpp in Sources */ = {isa = PBXBuildFile; fileRef = 8B1895CE15CDD6F7007A5822 /* mql_error.cpp */; };
		8B1895E815CDD6F7007A5822 /* mql_execute.cpp in Sources */ = {isa = PBXBuildFile; fileRef = 8B1895CF15CDD6F7007A5822 /* mql_execute.cpp */; };
		8B1895E915CDD6F7007A5822 /* mql_execution_environment.cpp in Sources */ = {isa = PBXBuildFile; fileRef = 8B1895D015CDD6F7007A5822 /* mql_execution_environment.cpp */; };
		8B1895EA15CDD6F7007A5822 /* mql_features_statements.cpp in Sources */ = {isa = PBXBuildFile; fileRef = 8B1895D115CDD6F7007A5822 /* mql_features_statements.cpp */; };
		8B1895EB15CDD6F7007A5822 /* mql_get_query.cpp in Sources */ = {isa = PBXBuildFile; fileRef = 8B1895D215CDD6F7007A5822 /* mql_get_query.cpp */; };
		8B1895EC15CDD6F7007A5822 /* mql_helper_classes.cpp in Sources */ = {isa = PBXBuildFile; fileRef = 8B1895D315CDD6F7007A5822 /* mql_helper_classes.cpp */; };
		8B1895ED15CDD6F7007A5822 /* mql_lexer.cpp in Sources */ = {isa = PBXBuildFile; fileRef = 8B1895D415CDD6F7007A5822 /* mql_lexer.cpp */; };
		8B1895EE15CDD6F7007A5822 /* mql_meta_statements.cpp in Sources */ = {isa = PBXBuildFile; fileRef = 8B1895D515CDD6F7007A5822 /* mql_meta_statements.cpp */; };
		8B1895EF15CDD6F7007A5822 /* mql_monads_statements.cpp in Sources */ = {isa = PBXBuildFile; fileRef = 8B1895D615CDD6F7007A5822 /* mql_monads_statements.cpp */; };
		8B1895F015CDD6F7007A5822 /* mql_object_statements.cpp in Sources */ = {isa = PBXBuildFile; fileRef = 8B1895D715CDD6F7007A5822 /* mql_object_statements.cpp */; };
		8B1895F115CDD6F7007A5822 /* mql_object_type_statements.cpp in Sources */ = {isa = PBXBuildFile; fileRef = 8B1895D815CDD6F7007A5822 /* mql_object_type_statements.cpp */; };
		8B1895F215CDD6F7007A5822 /* mql_object.cpp in Sources */ = {isa = PBXBuildFile; fileRef = 8B1895D915CDD6F7007A5822 /* mql_object.cpp */; };
		8B1895F315CDD6F7007A5822 /* mql_parser.cpp in Sources */ = {isa = PBXBuildFile; fileRef = 8B1895DA15CDD6F7007A5822 /* mql_parser.cpp */; };
		8B1895F415CDD6F7007A5822 /* mql_query.cpp in Sources */ = {isa = PBXBuildFile; fileRef = 8B1895DB15CDD6F7007A5822 /* mql_query.cpp */; };
		8B1895F515CDD6F7007A5822 /* mql_R.cpp in Sources */ = {isa = PBXBuildFile; fileRef = 8B1895DC15CDD6F7007A5822 /* mql_R.cpp */; };
		8B1895F615CDD6F7007A5822 /* mql_result.cpp in Sources */ = {isa = PBXBuildFile; fileRef = 8B1895DD15CDD6F7007A5822 /* mql_result.cpp */; };
		8B1895F715CDD6F7007A5822 /* mql_segment_statements.cpp in Sources */ = {isa = PBXBuildFile; fileRef = 8B1895DE15CDD6F7007A5822 /* mql_segment_statements.cpp */; };
		8B1895F815CDD6F7007A5822 /* mql_select_statements.cpp in Sources */ = {isa = PBXBuildFile; fileRef = 8B1895DF15CDD6F7007A5822 /* mql_select_statements.cpp */; };
		8B1895F915CDD6F7007A5822 /* mql_sheaf.cpp in Sources */ = {isa = PBXBuildFile; fileRef = 8B1895E015CDD6F7007A5822 /* mql_sheaf.cpp */; };
		8B1895FA15CDD6F7007A5822 /* mql_statement.cpp in Sources */ = {isa = PBXBuildFile; fileRef = 8B1895E115CDD6F7007A5822 /* mql_statement.cpp */; };
		8B1895FB15CDD6F7007A5822 /* mql_utility.cpp in Sources */ = {isa = PBXBuildFile; fileRef = 8B1895E215CDD6F7007A5822 /* mql_utility.cpp */; };
		8B1895FC15CDD6F7007A5822 /* mql_yylex.cpp in Sources */ = {isa = PBXBuildFile; fileRef = 8B1895E315CDD6F7007A5822 /* mql_yylex.cpp */; };
		8B18960415CDD70F007A5822 /* harvest_fts.cpp in Sources */ = {isa = PBXBuildFile; fileRef = 8B1895FD15CDD70F007A5822 /* harvest_fts.cpp */; };
		8B18960515CDD70F007A5822 /* memobject.cpp in Sources */ = {isa = PBXBuildFile; fileRef = 8B1895FE15CDD70F007A5822 /* memobject.cpp */; };
		8B18960615CDD70F007A5822 /* renderobjects.cpp in Sources */ = {isa = PBXBuildFile; fileRef = 8B1895FF15CDD70F007A5822 /* renderobjects.cpp */; };
		8B18960715CDD70F007A5822 /* renderxml.cpp in Sources */ = {isa = PBXBuildFile; fileRef = 8B18960015CDD70F007A5822 /* renderxml.cpp */; };
		8B18960815CDD70F007A5822 /* templatelang_classes.cpp in Sources */ = {isa = PBXBuildFile; fileRef = 8B18960115CDD70F007A5822 /* templatelang_classes.cpp */; };
		8B18960915CDD70F007A5822 /* templatelang_lexer.cpp in Sources */ = {isa = PBXBuildFile; fileRef = 8B18960215CDD70F007A5822 /* templatelang_lexer.cpp */; };
		8B18960A15CDD70F007A5822 /* templatelang_parser.cpp in Sources */ = {isa = PBXBuildFile; fileRef = 8B18960315CDD70F007A5822 /* templatelang_parser.cpp */; };
/* End PBXBuildFile section */

/* Begin PBXFileReference section */
		8B18955415CDD632007A5822 /* libEmdrosOSX.a */ = {isa = PBXFileReference; explicitFileType = archive.ar; includeInIndex = 0; path = libEmdrosOSX.a; sourceTree = BUILT_PRODUCTS_DIR; };
		8B18955B15CDD685007A5822 /* pcre_chartables.c */ = {isa = PBXFileReference; fileEncoding = 4; lastKnownFileType = sourcecode.c.c; name = pcre_chartables.c; path = ../pcre/pcre_chartables.c; sourceTree = "<group>"; };
		8B18955C15CDD685007A5822 /* pcre_compile.c */ = {isa = PBXFileReference; fileEncoding = 4; lastKnownFileType = sourcecode.c.c; name = pcre_compile.c; path = ../pcre/pcre_compile.c; sourceTree = "<group>"; };
		8B18955D15CDD685007A5822 /* pcre_config.c */ = {isa = PBXFileReference; fileEncoding = 4; lastKnownFileType = sourcecode.c.c; name = pcre_config.c; path = ../pcre/pcre_config.c; sourceTree = "<group>"; };
		8B18955E15CDD685007A5822 /* pcre_dfa_exec.c */ = {isa = PBXFileReference; fileEncoding = 4; lastKnownFileType = sourcecode.c.c; name = pcre_dfa_exec.c; path = ../pcre/pcre_dfa_exec.c; sourceTree = "<group>"; };
		8B18956015CDD685007A5822 /* pcre_exec.c */ = {isa = PBXFileReference; fileEncoding = 4; lastKnownFileType = sourcecode.c.c; name = pcre_exec.c; path = ../pcre/pcre_exec.c; sourceTree = "<group>"; };
		8B18956115CDD685007A5822 /* pcre_fullinfo.c */ = {isa = PBXFileReference; fileEncoding = 4; lastKnownFileType = sourcecode.c.c; name = pcre_fullinfo.c; path = ../pcre/pcre_fullinfo.c; sourceTree = "<group>"; };
		8B18956215CDD685007A5822 /* pcre_get.c */ = {isa = PBXFileReference; fileEncoding = 4; lastKnownFileType = sourcecode.c.c; name = pcre_get.c; path = ../pcre/pcre_get.c; sourceTree = "<group>"; };
		8B18956315CDD685007A5822 /* pcre_globals.c */ = {isa = PBXFileReference; fileEncoding = 4; lastKnownFileType = sourcecode.c.c; name = pcre_globals.c; path = ../pcre/pcre_globals.c; sourceTree = "<group>"; };
		8B18956415CDD685007A5822 /* pcre_info.c */ = {isa = PBXFileReference; fileEncoding = 4; lastKnownFileType = sourcecode.c.c; name = pcre_info.c; path = ../pcre/pcre_info.c; sourceTree = "<group>"; };
		8B18956515CDD685007A5822 /* pcre_internal.h */ = {isa = PBXFileReference; fileEncoding = 4; lastKnownFileType = sourcecode.c.h; name = pcre_internal.h; path = ../pcre/pcre_internal.h; sourceTree = "<group>"; };
		8B18956615CDD685007A5822 /* pcre_maketables.c */ = {isa = PBXFileReference; fileEncoding = 4; lastKnownFileType = sourcecode.c.c; name = pcre_maketables.c; path = ../pcre/pcre_maketables.c; sourceTree = "<group>"; };
		8B18956715CDD685007A5822 /* pcre_newline.c */ = {isa = PBXFileReference; fileEncoding = 4; lastKnownFileType = sourcecode.c.c; name = pcre_newline.c; path = ../pcre/pcre_newline.c; sourceTree = "<group>"; };
		8B18956815CDD685007A5822 /* pcre_ord2utf8.c */ = {isa = PBXFileReference; fileEncoding = 4; lastKnownFileType = sourcecode.c.c; name = pcre_ord2utf8.c; path = ../pcre/pcre_ord2utf8.c; sourceTree = "<group>"; };
		8B18956A15CDD685007A5822 /* pcre_refcount.c */ = {isa = PBXFileReference; fileEncoding = 4; lastKnownFileType = sourcecode.c.c; name = pcre_refcount.c; path = ../pcre/pcre_refcount.c; sourceTree = "<group>"; };
		8B18956B15CDD685007A5822 /* pcre_study.c */ = {isa = PBXFileReference; fileEncoding = 4; lastKnownFileType = sourcecode.c.c; name = pcre_study.c; path = ../pcre/pcre_study.c; sourceTree = "<group>"; };
		8B18956C15CDD685007A5822 /* pcre_tables.c */ = {isa = PBXFileReference; fileEncoding = 4; lastKnownFileType = sourcecode.c.c; name = pcre_tables.c; path = ../pcre/pcre_tables.c; sourceTree = "<group>"; };
		8B18956D15CDD685007A5822 /* pcre_try_flipped.c */ = {isa = PBXFileReference; fileEncoding = 4; lastKnownFileType = sourcecode.c.c; name = pcre_try_flipped.c; path = ../pcre/pcre_try_flipped.c; sourceTree = "<group>"; };
		8B18956E15CDD685007A5822 /* pcre_ucd.c */ = {isa = PBXFileReference; fileEncoding = 4; lastKnownFileType = sourcecode.c.c; name = pcre_ucd.c; path = ../pcre/pcre_ucd.c; sourceTree = "<group>"; };
		8B18956F15CDD685007A5822 /* pcre_valid_utf8.c */ = {isa = PBXFileReference; fileEncoding = 4; lastKnownFileType = sourcecode.c.c; name = pcre_valid_utf8.c; path = ../pcre/pcre_valid_utf8.c; sourceTree = "<group>"; };
		8B18957015CDD685007A5822 /* pcre_version.c */ = {isa = PBXFileReference; fileEncoding = 4; lastKnownFileType = sourcecode.c.c; name = pcre_version.c; path = ../pcre/pcre_version.c; sourceTree = "<group>"; };
		8B18957115CDD685007A5822 /* pcre_xclass.c */ = {isa = PBXFileReference; fileEncoding = 4; lastKnownFileType = sourcecode.c.c; name = pcre_xclass.c; path = ../pcre/pcre_xclass.c; sourceTree = "<group>"; };
		8B18958715CDD6AC007A5822 /* sqlite3_localamalgam.c */ = {isa = PBXFileReference; fileEncoding = 4; lastKnownFileType = sourcecode.c.c; name = sqlite3_localamalgam.c; path = ../sqlite3/src/sqlite3_localamalgam.c; sourceTree = "<group>"; };
		8B18958915CDD6D2007A5822 /* arena.cpp */ = {isa = PBXFileReference; fileEncoding = 4; lastKnownFileType = sourcecode.cpp.cpp; name = arena.cpp; path = ../EMdF/arena.cpp; sourceTree = "<group>"; };
		8B18958A15CDD6D2007A5822 /* bptemdfdb.cpp */ = {isa = PBXFileReference; fileEncoding = 4; lastKnownFileType = sourcecode.cpp.cpp; name = bptemdfdb.cpp; path = ../EMdF/bptemdfdb.cpp; sourceTree = "<group>"; };
		8B18958B15CDD6D2007A5822 /* conn.cpp */ = {isa = PBXFileReference; fileEncoding = 4; lastKnownFileType = sourcecode.cpp.cpp; name = conn.cpp; path = ../EMdF/conn.cpp; sourceTree = "<group>"; };
		8B18958C15CDD6D2007A5822 /* crc32.cpp */ = {isa = PBXFileReference; fileEncoding = 4; lastKnownFileType = sourcecode.cpp.cpp; name = crc32.cpp; path = ../EMdF/crc32.cpp; sourceTree = "<group>"; };
		8B18958D15CDD6D2007A5822 /* emdf_ffeatures.cpp */ = {isa = PBXFileReference; fileEncoding = 4; lastKnownFileType = sourcecode.cpp.cpp; name = emdf_ffeatures.cpp; path = ../EMdF/emdf_ffeatures.cpp; sourceTree = "<group>"; };
		8B18958E15CDD6D2007A5822 /* emdf_output.cpp */ = {isa = PBXFileReference; fileEncoding = 4; lastKnownFileType = sourcecode.cpp.cpp; name = emdf_output.cpp; path = ../EMdF/emdf_output.cpp; sourceTree = "<group>"; };
		8B18958F15CDD6D2007A5822 /* emdf_value.cpp */ = {isa = PBXFileReference; fileEncoding = 4; lastKnownFileType = sourcecode.cpp.cpp; name = emdf_value.cpp; path = ../EMdF/emdf_value.cpp; sourceTree = "<group>"; };
		8B18959015CDD6D2007A5822 /* emdfdb.cpp */ = {isa = PBXFileReference; fileEncoding = 4; lastKnownFileType = sourcecode.cpp.cpp; name = emdfdb.cpp; path = ../EMdF/emdfdb.cpp; sourceTree = "<group>"; };
		8B18959115CDD6D2007A5822 /* encryption.cpp */ = {isa = PBXFileReference; fileEncoding = 4; lastKnownFileType = sourcecode.cpp.cpp; name = encryption.cpp; path = ../EMdF/encryption.cpp; sourceTree = "<group>"; };
		8B18959215CDD6D2007A5822 /* enum_const_cache.cpp */ = {isa = PBXFileReference; fileEncoding = 4; lastKnownFileType = sourcecode.cpp.cpp; name = enum_const_cache.cpp; path = ../EMdF/enum_const_cache.cpp; sourceTree = "<group>"; };
		8B18959315CDD6D2007A5822 /* infos.cpp */ = {isa = PBXFileReference; fileEncoding = 4; lastKnownFileType = sourcecode.cpp.cpp; name = infos.cpp; path = ../EMdF/infos.cpp; sourceTree = "<group>"; };
		8B18959415CDD6D2007A5822 /* inst_object.cpp */ = {isa = PBXFileReference; fileEncoding = 4; lastKnownFileType = sourcecode.cpp.cpp; name = inst_object.cpp; path = ../EMdF/inst_object.cpp; sourceTree = "<group>"; };
		8B18959515CDD6D2007A5822 /* inst.cpp */ = {isa = PBXFileReference; fileEncoding = 4; lastKnownFileType = sourcecode.cpp.cpp; name = inst.cpp; path = ../EMdF/inst.cpp; sourceTree = "<group>"; };
		8B18959615CDD6D2007A5822 /* json_classes.cpp */ = {isa = PBXFileReference; fileEncoding = 4; lastKnownFileType = sourcecode.cpp.cpp; name = json_classes.cpp; path = ../EMdF/json_classes.cpp; sourceTree = "<group>"; };
		8B18959715CDD6D2007A5822 /* json_lexer.cpp */ = {isa = PBXFileReference; fileEncoding = 4; lastKnownFileType = sourcecode.cpp.cpp; name = json_lexer.cpp; path = ../EMdF/json_lexer.cpp; sourceTree = "<group>"; };
		8B18959815CDD6D2007A5822 /* json_parser.cpp */ = {isa = PBXFileReference; fileEncoding = 4; lastKnownFileType = sourcecode.cpp.cpp; name = json_parser.cpp; path = ../EMdF/json_parser.cpp; sourceTree = "<group>"; };
		8B18959915CDD6D2007A5822 /* logging.cpp */ = {isa = PBXFileReference; fileEncoding = 4; lastKnownFileType = sourcecode.cpp.cpp; name = logging.cpp; path = ../EMdF/logging.cpp; sourceTree = "<group>"; };
		8B18959A15CDD6D2007A5822 /* minidom.cpp */ = {isa = PBXFileReference; fileEncoding = 4; lastKnownFileType = sourcecode.cpp.cpp; name = minidom.cpp; path = ../EMdF/minidom.cpp; sourceTree = "<group>"; };
		8B18959B15CDD6D2007A5822 /* monads.cpp */ = {isa = PBXFileReference; fileEncoding = 4; lastKnownFileType = sourcecode.cpp.cpp; name = monads.cpp; path = ../EMdF/monads.cpp; sourceTree = "<group>"; };
		8B18959D15CDD6D2007A5822 /* mysqlemdfdb.cpp */ = {isa = PBXFileReference; fileEncoding = 4; lastKnownFileType = sourcecode.cpp.cpp; name = mysqlemdfdb.cpp; path = ../EMdF/mysqlemdfdb.cpp; sourceTree = "<group>"; };
		8B1895A015CDD6D2007A5822 /* qdxml.cpp */ = {isa = PBXFileReference; fileEncoding = 4; lastKnownFileType = sourcecode.cpp.cpp; name = qdxml.cpp; path = ../EMdF/qdxml.cpp; sourceTree = "<group>"; };
		8B1895A115CDD6D2007A5822 /* sqlite3conn.cpp */ = {isa = PBXFileReference; fileEncoding = 4; lastKnownFileType = sourcecode.cpp.cpp; name = sqlite3conn.cpp; path = ../EMdF/sqlite3conn.cpp; sourceTree = "<group>"; };
		8B1895A215CDD6D2007A5822 /* sqlite3emdfdb.cpp */ = {isa = PBXFileReference; fileEncoding = 4; lastKnownFileType = sourcecode.cpp.cpp; name = sqlite3emdfdb.cpp; path = ../EMdF/sqlite3emdfdb.cpp; sourceTree = "<group>"; };
		8B1895A515CDD6D2007A5822 /* string_func.cpp */ = {isa = PBXFileReference; fileEncoding = 4; lastKnownFileType = sourcecode.cpp.cpp; name = string_func.cpp; path = ../EMdF/string_func.cpp; sourceTree = "<group>"; };
		8B1895A615CDD6D2007A5822 /* string_list.cpp */ = {isa = PBXFileReference; fileEncoding = 4; lastKnownFileType = sourcecode.cpp.cpp; name = string_list.cpp; path = ../EMdF/string_list.cpp; sourceTree = "<group>"; };
		8B1895A715CDD6D2007A5822 /* string_set_cache.cpp */ = {isa = PBXFileReference; fileEncoding = 4; lastKnownFileType = sourcecode.cpp.cpp; name = string_set_cache.cpp; path = ../EMdF/string_set_cache.cpp; sourceTree = "<group>"; };
		8B1895A815CDD6D2007A5822 /* table.cpp */ = {isa = PBXFileReference; fileEncoding = 4; lastKnownFileType = sourcecode.cpp.cpp; name = table.cpp; path = ../EMdF/table.cpp; sourceTree = "<group>"; };
		8B1895A915CDD6D2007A5822 /* utils.cpp */ = {isa = PBXFileReference; fileEncoding = 4; lastKnownFileType = sourcecode.cpp.cpp; name = utils.cpp; path = ../EMdF/utils.cpp; sourceTree = "<group>"; };
		8B1895CB15CDD6F7007A5822 /* emdros_environment.cpp */ = {isa = PBXFileReference; fileEncoding = 4; lastKnownFileType = sourcecode.cpp.cpp; name = emdros_environment.cpp; path = ../MQL/emdros_environment.cpp; sourceTree = "<group>"; };
		8B1895CC15CDD6F7007A5822 /* mql_database_statements.cpp */ = {isa = PBXFileReference; fileEncoding = 4; lastKnownFileType = sourcecode.cpp.cpp; name = mql_database_statements.cpp; path = ../MQL/mql_database_statements.cpp; sourceTree = "<group>"; };
		8B1895CD15CDD6F7007A5822 /* mql_enumeration_statements.cpp */ = {isa = PBXFileReference; fileEncoding = 4; lastKnownFileType = sourcecode.cpp.cpp; name = mql_enumeration_statements.cpp; path = ../MQL/mql_enumeration_statements.cpp; sourceTree = "<group>"; };
		8B1895CE15CDD6F7007A5822 /* mql_error.cpp */ = {isa = PBXFileReference; fileEncoding = 4; lastKnownFileType = sourcecode.cpp.cpp; name = mql_error.cpp; path = ../MQL/mql_error.cpp; sourceTree = "<group>"; };
		8B1895CF15CDD6F7007A5822 /* mql_execute.cpp */ = {isa = PBXFileReference; fileEncoding = 4; lastKnownFileType = sourcecode.cpp.cpp; name = mql_execute.cpp; path = ../MQL/mql_execute.cpp; sourceTree = "<group>"; };
		8B1895D015CDD6F7007A5822 /* mql_execution_environment.cpp */ = {isa = PBXFileReference; fileEncoding = 4; lastKnownFileType = sourcecode.cpp.cpp; name = mql_execution_environment.cpp; path = ../MQL/mql_execution_environment.cpp; sourceTree = "<group>"; };
		8B1895D115CDD6F7007A5822 /* mql_features_statements.cpp */ = {isa = PBXFileReference; fileEncoding = 4; lastKnownFileType = sourcecode.cpp.cpp; name = mql_features_statements.cpp; path = ../MQL/mql_features_statements.cpp; sourceTree = "<group>"; };
		8B1895D215CDD6F7007A5822 /* mql_get_query.cpp */ = {isa = PBXFileReference; fileEncoding = 4; lastKnownFileType = sourcecode.cpp.cpp; name = mql_get_query.cpp; path = ../MQL/mql_get_query.cpp; sourceTree = "<group>"; };
		8B1895D315CDD6F7007A5822 /* mql_helper_classes.cpp */ = {isa = PBXFileReference; fileEncoding = 4; lastKnownFileType = sourcecode.cpp.cpp; name = mql_helper_classes.cpp; path = ../MQL/mql_helper_classes.cpp; sourceTree = "<group>"; };
		8B1895D415CDD6F7007A5822 /* mql_lexer.cpp */ = {isa = PBXFileReference; fileEncoding = 4; lastKnownFileType = sourcecode.cpp.cpp; name = mql_lexer.cpp; path = ../MQL/mql_lexer.cpp; sourceTree = "<group>"; };
		8B1895D515CDD6F7007A5822 /* mql_meta_statements.cpp */ = {isa = PBXFileReference; fileEncoding = 4; lastKnownFileType = sourcecode.cpp.cpp; name = mql_meta_statements.cpp; path = ../MQL/mql_meta_statements.cpp; sourceTree = "<group>"; };
		8B1895D615CDD6F7007A5822 /* mql_monads_statements.cpp */ = {isa = PBXFileReference; fileEncoding = 4; lastKnownFileType = sourcecode.cpp.cpp; name = mql_monads_statements.cpp; path = ../MQL/mql_monads_statements.cpp; sourceTree = "<group>"; };
		8B1895D715CDD6F7007A5822 /* mql_object_statements.cpp */ = {isa = PBXFileReference; fileEncoding = 4; lastKnownFileType = sourcecode.cpp.cpp; name = mql_object_statements.cpp; path = ../MQL/mql_object_statements.cpp; sourceTree = "<group>"; };
		8B1895D815CDD6F7007A5822 /* mql_object_type_statements.cpp */ = {isa = PBXFileReference; fileEncoding = 4; lastKnownFileType = sourcecode.cpp.cpp; name = mql_object_type_statements.cpp; path = ../MQL/mql_object_type_statements.cpp; sourceTree = "<group>"; };
		8B1895D915CDD6F7007A5822 /* mql_object.cpp */ = {isa = PBXFileReference; fileEncoding = 4; lastKnownFileType = sourcecode.cpp.cpp; name = mql_object.cpp; path = ../MQL/mql_object.cpp; sourceTree = "<group>"; };
		8B1895DA15CDD6F7007A5822 /* mql_parser.cpp */ = {isa = PBXFileReference; fileEncoding = 4; lastKnownFileType = sourcecode.cpp.cpp; name = mql_parser.cpp; path = ../MQL/mql_parser.cpp; sourceTree = "<group>"; };
		8B1895DB15CDD6F7007A5822 /* mql_query.cpp */ = {isa = PBXFileReference; fileEncoding = 4; lastKnownFileType = sourcecode.cpp.cpp; name = mql_query.cpp; path = ../MQL/mql_query.cpp; sourceTree = "<group>"; };
		8B1895DC15CDD6F7007A5822 /* mql_R.cpp */ = {isa = PBXFileReference; fileEncoding = 4; lastKnownFileType = sourcecode.cpp.cpp; name = mql_R.cpp; path = ../MQL/mql_R.cpp; sourceTree = "<group>"; };
		8B1895DD15CDD6F7007A5822 /* mql_result.cpp */ = {isa = PBXFileReference; fileEncoding = 4; lastKnownFileType = sourcecode.cpp.cpp; name = mql_result.cpp; path = ../MQL/mql_result.cpp; sourceTree = "<group>"; };
		8B1895DE15CDD6F7007A5822 /* mql_segment_statements.cpp */ = {isa = PBXFileReference; fileEncoding = 4; lastKnownFileType = sourcecode.cpp.cpp; name = mql_segment_statements.cpp; path = ../MQL/mql_segment_statements.cpp; sourceTree = "<group>"; };
		8B1895DF15CDD6F7007A5822 /* mql_select_statements.cpp */ = {isa = PBXFileReference; fileEncoding = 4; lastKnownFileType = sourcecode.cpp.cpp; name = mql_select_statements.cpp; path = ../MQL/mql_select_statements.cpp; sourceTree = "<group>"; };
		8B1895E015CDD6F7007A5822 /* mql_sheaf.cpp */ = {isa = PBXFileReference; fileEncoding = 4; lastKnownFileType = sourcecode.cpp.cpp; name = mql_sheaf.cpp; path = ../MQL/mql_sheaf.cpp; sourceTree = "<group>"; };
		8B1895E115CDD6F7007A5822 /* mql_statement.cpp */ = {isa = PBXFileReference; fileEncoding = 4; lastKnownFileType = sourcecode.cpp.cpp; name = mql_statement.cpp; path = ../MQL/mql_statement.cpp; sourceTree = "<group>"; };
		8B1895E215CDD6F7007A5822 /* mql_utility.cpp */ = {isa = PBXFileReference; fileEncoding = 4; lastKnownFileType = sourcecode.cpp.cpp; name = mql_utility.cpp; path = ../MQL/mql_utility.cpp; sourceTree = "<group>"; };
		8B1895E315CDD6F7007A5822 /* mql_yylex.cpp */ = {isa = PBXFileReference; fileEncoding = 4; lastKnownFileType = sourcecode.cpp.cpp; name = mql_yylex.cpp; path = ../MQL/mql_yylex.cpp; sourceTree = "<group>"; };
		8B1895FD15CDD70F007A5822 /* harvest_fts.cpp */ = {isa = PBXFileReference; fileEncoding = 4; lastKnownFileType = sourcecode.cpp.cpp; name = harvest_fts.cpp; path = ../harvest/harvest_fts.cpp; sourceTree = "<group>"; };
		8B1895FE15CDD70F007A5822 /* memobject.cpp */ = {isa = PBXFileReference; fileEncoding = 4; lastKnownFileType = sourcecode.cpp.cpp; name = memobject.cpp; path = ../harvest/memobject.cpp; sourceTree = "<group>"; };
		8B1895FF15CDD70F007A5822 /* renderobjects.cpp */ = {isa = PBXFileReference; fileEncoding = 4; lastKnownFileType = sourcecode.cpp.cpp; name = renderobjects.cpp; path = ../harvest/renderobjects.cpp; sourceTree = "<group>"; };
		8B18960015CDD70F007A5822 /* renderxml.cpp */ = {isa = PBXFileReference; fileEncoding = 4; lastKnownFileType = sourcecode.cpp.cpp; name = renderxml.cpp; path = ../harvest/renderxml.cpp; sourceTree = "<group>"; };
		8B18960115CDD70F007A5822 /* templatelang_classes.cpp */ = {isa = PBXFileReference; fileEncoding = 4; lastKnownFileType = sourcecode.cpp.cpp; name = templatelang_classes.cpp; path = ../harvest/templatelang_classes.cpp; sourceTree = "<group>"; };
		8B18960215CDD70F007A5822 /* templatelang_lexer.cpp */ = {isa = PBXFileReference; fileEncoding = 4; lastKnownFileType = sourcecode.cpp.cpp; name = templatelang_lexer.cpp; path = ../harvest/templatelang_lexer.cpp; sourceTree = "<group>"; };
		8B18960315CDD70F007A5822 /* templatelang_parser.cpp */ = {isa = PBXFileReference; fileEncoding = 4; lastKnownFileType = sourcecode.cpp.cpp; name = templatelang_parser.cpp; path = ../harvest/templatelang_parser.cpp; sourceTree = "<group>"; };
/* End PBXFileReference section */

/* Begin PBXFrameworksBuildPhase section */
		8B18955115CDD632007A5822 /* Frameworks */ = {
			isa = PBXFrameworksBuildPhase;
			buildActionMask = 2147483647;
			files = (
			);
			runOnlyForDeploymentPostprocessing = 0;
		};
/* End PBXFrameworksBuildPhase section */

/* Begin PBXGroup section */
		8B18954915CDD632007A5822 = {
			isa = PBXGroup;
			children = (
				8B1895FD15CDD70F007A5822 /* harvest_fts.cpp */,
				8B1895FE15CDD70F007A5822 /* memobject.cpp */,
				8B1895FF15CDD70F007A5822 /* renderobjects.cpp */,
				8B18960015CDD70F007A5822 /* renderxml.cpp */,
				8B18960115CDD70F007A5822 /* templatelang_classes.cpp */,
				8B18960215CDD70F007A5822 /* templatelang_lexer.cpp */,
				8B18960315CDD70F007A5822 /* templatelang_parser.cpp */,
				8B1895CB15CDD6F7007A5822 /* emdros_environment.cpp */,
				8B1895CC15CDD6F7007A5822 /* mql_database_statements.cpp */,
				8B1895CD15CDD6F7007A5822 /* mql_enumeration_statements.cpp */,
				8B1895CE15CDD6F7007A5822 /* mql_error.cpp */,
				8B1895CF15CDD6F7007A5822 /* mql_execute.cpp */,
				8B1895D015CDD6F7007A5822 /* mql_execution_environment.cpp */,
				8B1895D115CDD6F7007A5822 /* mql_features_statements.cpp */,
				8B1895D215CDD6F7007A5822 /* mql_get_query.cpp */,
				8B1895D315CDD6F7007A5822 /* mql_helper_classes.cpp */,
				8B1895D415CDD6F7007A5822 /* mql_lexer.cpp */,
				8B1895D515CDD6F7007A5822 /* mql_meta_statements.cpp */,
				8B1895D615CDD6F7007A5822 /* mql_monads_statements.cpp */,
				8B1895D715CDD6F7007A5822 /* mql_object_statements.cpp */,
				8B1895D815CDD6F7007A5822 /* mql_object_type_statements.cpp */,
				8B1895D915CDD6F7007A5822 /* mql_object.cpp */,
				8B1895DA15CDD6F7007A5822 /* mql_parser.cpp */,
				8B1895DB15CDD6F7007A5822 /* mql_query.cpp */,
				8B1895DC15CDD6F7007A5822 /* mql_R.cpp */,
				8B1895DD15CDD6F7007A5822 /* mql_result.cpp */,
				8B1895DE15CDD6F7007A5822 /* mql_segment_statements.cpp */,
				8B1895DF15CDD6F7007A5822 /* mql_select_statements.cpp */,
				8B1895E015CDD6F7007A5822 /* mql_sheaf.cpp */,
				8B1895E115CDD6F7007A5822 /* mql_statement.cpp */,
				8B1895E215CDD6F7007A5822 /* mql_utility.cpp */,
				8B1895E315CDD6F7007A5822 /* mql_yylex.cpp */,
				8B18958915CDD6D2007A5822 /* arena.cpp */,
				8B18958A15CDD6D2007A5822 /* bptemdfdb.cpp */,
				8B18958B15CDD6D2007A5822 /* conn.cpp */,
				8B18958C15CDD6D2007A5822 /* crc32.cpp */,
				8B18958D15CDD6D2007A5822 /* emdf_ffeatures.cpp */,
				8B18958E15CDD6D2007A5822 /* emdf_output.cpp */,
				8B18958F15CDD6D2007A5822 /* emdf_value.cpp */,
				8B18959015CDD6D2007A5822 /* emdfdb.cpp */,
				8B18959115CDD6D2007A5822 /* encryption.cpp */,
				8B18959215CDD6D2007A5822 /* enum_const_cache.cpp */,
				8B18959315CDD6D2007A5822 /* infos.cpp */,
				8B18959415CDD6D2007A5822 /* inst_object.cpp */,
				8B18959515CDD6D2007A5822 /* inst.cpp */,
				8B18959615CDD6D2007A5822 /* json_classes.cpp */,
				8B18959715CDD6D2007A5822 /* json_lexer.cpp */,
				8B18959815CDD6D2007A5822 /* json_parser.cpp */,
				8B18959915CDD6D2007A5822 /* logging.cpp */,
				8B18959A15CDD6D2007A5822 /* minidom.cpp */,
				8B18959B15CDD6D2007A5822 /* monads.cpp */,
				8B18959D15CDD6D2007A5822 /* mysqlemdfdb.cpp */,
				8B1895A015CDD6D2007A5822 /* qdxml.cpp */,
				8B1895A115CDD6D2007A5822 /* sqlite3conn.cpp */,
				8B1895A215CDD6D2007A5822 /* sqlite3emdfdb.cpp */,
				8B1895A515CDD6D2007A5822 /* string_func.cpp */,
				8B1895A615CDD6D2007A5822 /* string_list.cpp */,
				8B1895A715CDD6D2007A5822 /* string_set_cache.cpp */,
				8B1895A815CDD6D2007A5822 /* table.cpp */,
				8B1895A915CDD6D2007A5822 /* utils.cpp */,
				8B18958715CDD6AC007A5822 /* sqlite3_localamalgam.c */,
				8B18955B15CDD685007A5822 /* pcre_chartables.c */,
				8B18955C15CDD685007A5822 /* pcre_compile.c */,
				8B18955D15CDD685007A5822 /* pcre_config.c */,
				8B18955E15CDD685007A5822 /* pcre_dfa_exec.c */,
				8B18956015CDD685007A5822 /* pcre_exec.c */,
				8B18956115CDD685007A5822 /* pcre_fullinfo.c */,
				8B18956215CDD685007A5822 /* pcre_get.c */,
				8B18956315CDD685007A5822 /* pcre_globals.c */,
				8B18956415CDD685007A5822 /* pcre_info.c */,
				8B18956515CDD685007A5822 /* pcre_internal.h */,
				8B18956615CDD685007A5822 /* pcre_maketables.c */,
				8B18956715CDD685007A5822 /* pcre_newline.c */,
				8B18956815CDD685007A5822 /* pcre_ord2utf8.c */,
				8B18956A15CDD685007A5822 /* pcre_refcount.c */,
				8B18956B15CDD685007A5822 /* pcre_study.c */,
				8B18956C15CDD685007A5822 /* pcre_tables.c */,
				8B18956D15CDD685007A5822 /* pcre_try_flipped.c */,
				8B18956E15CDD685007A5822 /* pcre_ucd.c */,
				8B18956F15CDD685007A5822 /* pcre_valid_utf8.c */,
				8B18957015CDD685007A5822 /* pcre_version.c */,
				8B18957115CDD685007A5822 /* pcre_xclass.c */,
				8B18955515CDD632007A5822 /* Products */,
			);
			sourceTree = "<group>";
		};
		8B18955515CDD632007A5822 /* Products */ = {
			isa = PBXGroup;
			children = (
				8B18955415CDD632007A5822 /* libEmdrosOSX.a */,
			);
			name = Products;
			sourceTree = "<group>";
		};
/* End PBXGroup section */

/* Begin PBXHeadersBuildPhase section */
		8B18955215CDD632007A5822 /* Headers */ = {
			isa = PBXHeadersBuildPhase;
			buildActionMask = 2147483647;
			files = (
				8B18957B15CDD685007A5822 /* pcre_internal.h in Headers */,
			);
			runOnlyForDeploymentPostprocessing = 0;
		};
/* End PBXHeadersBuildPhase section */

/* Begin PBXNativeTarget section */
		8B18955315CDD632007A5822 /* EmdrosOSX */ = {
			isa = PBXNativeTarget;
			buildConfigurationList = 8B18955815CDD632007A5822 /* Build configuration list for PBXNativeTarget "EmdrosOSX" */;
			buildPhases = (
				8B18955015CDD632007A5822 /* Sources */,
				8B18955115CDD632007A5822 /* Frameworks */,
				8B18955215CDD632007A5822 /* Headers */,
			);
			buildRules = (
			);
			dependencies = (
			);
			name = EmdrosOSX;
			productName = EmdrosOSX;
			productReference = 8B18955415CDD632007A5822 /* libEmdrosOSX.a */;
			productType = "com.apple.product-type.library.static";
		};
/* End PBXNativeTarget section */

/* Begin PBXProject section */
		8B18954B15CDD632007A5822 /* Project object */ = {
			isa = PBXProject;
			attributes = {
				LastUpgradeCheck = 0440;
				ORGANIZATIONNAME = "Ulrik Sandborg-Petersen";
			};
			buildConfigurationList = 8B18954E15CDD632007A5822 /* Build configuration list for PBXProject "EmdrosOSX" */;
			compatibilityVersion = "Xcode 3.2";
			developmentRegion = English;
			hasScannedForEncodings = 0;
			knownRegions = (
				en,
			);
			mainGroup = 8B18954915CDD632007A5822;
			productRefGroup = 8B18955515CDD632007A5822 /* Products */;
			projectDirPath = "";
			projectRoot = "";
			targets = (
				8B18955315CDD632007A5822 /* EmdrosOSX */,
			);
		};
/* End PBXProject section */

/* Begin PBXSourcesBuildPhase section */
		8B18955015CDD632007A5822 /* Sources */ = {
			isa = PBXSourcesBuildPhase;
			buildActionMask = 2147483647;
			files = (
				8B18957215CDD685007A5822 /* pcre_chartables.c in Sources */,
				8B18957315CDD685007A5822 /* pcre_compile.c in Sources */,
				8B18957415CDD685007A5822 /* pcre_config.c in Sources */,
				8B18957515CDD685007A5822 /* pcre_dfa_exec.c in Sources */,
				8B18957615CDD685007A5822 /* pcre_exec.c in Sources */,
				8B18957715CDD685007A5822 /* pcre_fullinfo.c in Sources */,
				8B18957815CDD685007A5822 /* pcre_get.c in Sources */,
				8B18957915CDD685007A5822 /* pcre_globals.c in Sources */,
				8B18957A15CDD685007A5822 /* pcre_info.c in Sources */,
				8B18957C15CDD685007A5822 /* pcre_maketables.c in Sources */,
				8B18957D15CDD685007A5822 /* pcre_newline.c in Sources */,
				8B18957E15CDD685007A5822 /* pcre_ord2utf8.c in Sources */,
				8B18957F15CDD685007A5822 /* pcre_refcount.c in Sources */,
				8B18958015CDD685007A5822 /* pcre_study.c in Sources */,
				8B18958115CDD685007A5822 /* pcre_tables.c in Sources */,
				8B18958215CDD685007A5822 /* pcre_try_flipped.c in Sources */,
				8B18958315CDD685007A5822 /* pcre_ucd.c in Sources */,
				8B18958415CDD685007A5822 /* pcre_valid_utf8.c in Sources */,
				8B18958515CDD685007A5822 /* pcre_version.c in Sources */,
				8B18958615CDD685007A5822 /* pcre_xclass.c in Sources */,
				8B18958815CDD6AC007A5822 /* sqlite3_localamalgam.c in Sources */,
				8B1895AA15CDD6D2007A5822 /* arena.cpp in Sources */,
				8B1895AB15CDD6D2007A5822 /* bptemdfdb.cpp in Sources */,
				8B1895AC15CDD6D2007A5822 /* conn.cpp in Sources */,
				8B1895AD15CDD6D2007A5822 /* crc32.cpp in Sources */,
				8B1895AE15CDD6D2007A5822 /* emdf_ffeatures.cpp in Sources */,
				8B1895AF15CDD6D2007A5822 /* emdf_output.cpp in Sources */,
				8B1895B015CDD6D2007A5822 /* emdf_value.cpp in Sources */,
				8B1895B115CDD6D2007A5822 /* emdfdb.cpp in Sources */,
				8B1895B215CDD6D2007A5822 /* encryption.cpp in Sources */,
				8B1895B315CDD6D2007A5822 /* enum_const_cache.cpp in Sources */,
				8B1895B415CDD6D2007A5822 /* infos.cpp in Sources */,
				8B1895B515CDD6D2007A5822 /* inst_object.cpp in Sources */,
				8B1895B615CDD6D2007A5822 /* inst.cpp in Sources */,
				8B1895B715CDD6D2007A5822 /* json_classes.cpp in Sources */,
				8B1895B815CDD6D2007A5822 /* json_lexer.cpp in Sources */,
				8B1895B915CDD6D2007A5822 /* json_parser.cpp in Sources */,
				8B1895BA15CDD6D2007A5822 /* logging.cpp in Sources */,
				8B1895BB15CDD6D2007A5822 /* minidom.cpp in Sources */,
				8B1895BC15CDD6D2007A5822 /* monads.cpp in Sources */,
				8B1895BE15CDD6D2007A5822 /* mysqlemdfdb.cpp in Sources */,
				8B1895C115CDD6D2007A5822 /* qdxml.cpp in Sources */,
				8B1895C215CDD6D2007A5822 /* sqlite3conn.cpp in Sources */,
				8B1895C315CDD6D2007A5822 /* sqlite3emdfdb.cpp in Sources */,
				8B1895C615CDD6D2007A5822 /* string_func.cpp in Sources */,
				8B1895C715CDD6D2007A5822 /* string_list.cpp in Sources */,
				8B1895C815CDD6D2007A5822 /* string_set_cache.cpp in Sources */,
				8B1895C915CDD6D2007A5822 /* table.cpp in Sources */,
				8B1895CA15CDD6D2007A5822 /* utils.cpp in Sources */,
				8B1895E415CDD6F7007A5822 /* emdros_environment.cpp in Sources */,
				8B1895E515CDD6F7007A5822 /* mql_database_statements.cpp in Sources */,
				8B1895E615CDD6F7007A5822 /* mql_enumeration_statements.cpp in Sources */,
				8B1895E715CDD6F7007A5822 /* mql_error.cpp in Sources */,
				8B1895E815CDD6F7007A5822 /* mql_execute.cpp in Sources */,
				8B1895E915CDD6F7007A5822 /* mql_execution_environment.cpp in Sources */,
				8B1895EA15CDD6F7007A5822 /* mql_features_statements.cpp in Sources */,
				8B1895EB15CDD6F7007A5822 /* mql_get_query.cpp in Sources */,
				8B1895EC15CDD6F7007A5822 /* mql_helper_classes.cpp in Sources */,
				8B1895ED15CDD6F7007A5822 /* mql_lexer.cpp in Sources */,
				8B1895EE15CDD6F7007A5822 /* mql_meta_statements.cpp in Sources */,
				8B1895EF15CDD6F7007A5822 /* mql_monads_statements.cpp in Sources */,
				8B1895F015CDD6F7007A5822 /* mql_object_statements.cpp in Sources */,
				8B1895F115CDD6F7007A5822 /* mql_object_type_statements.cpp in Sources */,
				8B1895F215CDD6F7007A5822 /* mql_object.cpp in Sources */,
				8B1895F315CDD6F7007A5822 /* mql_parser.cpp in Sources */,
				8B1895F415CDD6F7007A5822 /* mql_query.cpp in Sources */,
				8B1895F515CDD6F7007A5822 /* mql_R.cpp in Sources */,
				8B1895F615CDD6F7007A5822 /* mql_result.cpp in Sources */,
				8B1895F715CDD6F7007A5822 /* mql_segment_statements.cpp in Sources */,
				8B1895F815CDD6F7007A5822 /* mql_select_statements.cpp in Sources */,
				8B1895F915CDD6F7007A5822 /* mql_sheaf.cpp in Sources */,
				8B1895FA15CDD6F7007A5822 /* mql_statement.cpp in Sources */,
				8B1895FB15CDD6F7007A5822 /* mql_utility.cpp in Sources */,
				8B1895FC15CDD6F7007A5822 /* mql_yylex.cpp in Sources */,
				8B18960415CDD70F007A5822 /* harvest_fts.cpp in Sources */,
				8B18960515CDD70F007A5822 /* memobject.cpp in Sources */,
				8B18960615CDD70F007A5822 /* renderobjects.cpp in Sources */,
				8B18960715CDD70F007A5822 /* renderxml.cpp in Sources */,
				8B18960815CDD70F007A5822 /* templatelang_classes.cpp in Sources */,
				8B18960915CDD70F007A5822 /* templatelang_lexer.cpp in Sources */,
				8B18960A15CDD70F007A5822 /* templatelang_parser.cpp in Sources */,
			);
			runOnlyForDeploymentPostprocessing = 0;
		};
/* End PBXSourcesBuildPhase section */

/* Begin XCBuildConfiguration section */
		8B18955615CDD632007A5822 /* Debug */ = {
			isa = XCBuildConfiguration;
			buildSettings = {
				ALWAYS_SEARCH_USER_PATHS = NO;
				ARCHS = "$(ARCHS_STANDARD_64_BIT)";
				CLANG_CXX_LANGUAGE_STANDARD = "gnu++0x";
				CLANG_WARN__DUPLICATE_METHOD_MATCH = YES;
				COPY_PHASE_STRIP = NO;
				GCC_C_LANGUAGE_STANDARD = gnu99;
				GCC_DYNAMIC_NO_PIC = NO;
				GCC_ENABLE_OBJC_EXCEPTIONS = YES;
				GCC_OPTIMIZATION_LEVEL = 0;
				GCC_PREPROCESSOR_DEFINITIONS = (
					"DEBUG=1",
					"$(inherited)",
				);
				GCC_SYMBOLS_PRIVATE_EXTERN = NO;
				GCC_WARN_64_TO_32_BIT_CONVERSION = YES;
				GCC_WARN_ABOUT_RETURN_TYPE = YES;
				GCC_WARN_UNINITIALIZED_AUTOS = YES;
				GCC_WARN_UNUSED_VARIABLE = YES;
				MACOSX_DEPLOYMENT_TARGET = 10.6;
				ONLY_ACTIVE_ARCH = YES;
				SDKROOT = macosx10.7;
			};
			name = Debug;
		};
		8B18955715CDD632007A5822 /* Release */ = {
			isa = XCBuildConfiguration;
			buildSettings = {
				ALWAYS_SEARCH_USER_PATHS = NO;
				ARCHS = "$(ARCHS_STANDARD_64_BIT)";
				CLANG_CXX_LANGUAGE_STANDARD = "gnu++0x";
				CLANG_WARN__DUPLICATE_METHOD_MATCH = YES;
				COPY_PHASE_STRIP = YES;
				DEBUG_INFORMATION_FORMAT = "dwarf-with-dsym";
				GCC_C_LANGUAGE_STANDARD = gnu99;
				GCC_ENABLE_OBJC_EXCEPTIONS = YES;
				GCC_WARN_64_TO_32_BIT_CONVERSION = YES;
				GCC_WARN_ABOUT_RETURN_TYPE = YES;
				GCC_WARN_UNINITIALIZED_AUTOS = YES;
				GCC_WARN_UNUSED_VARIABLE = YES;
				MACOSX_DEPLOYMENT_TARGET = 10.6;
				SDKROOT = macosx10.7;
			};
			name = Release;
		};
		8B18955915CDD632007A5822 /* Debug */ = {
			isa = XCBuildConfiguration;
			buildSettings = {
				ALWAYS_SEARCH_USER_PATHS = YES;
				ARCHS = "$(ARCHS_STANDARD_32_64_BIT)";
				EXECUTABLE_PREFIX = lib;
				HEADER_SEARCH_PATHS = ../include;
				ONLY_ACTIVE_ARCH = NO;
				PRODUCT_NAME = "$(TARGET_NAME)";
				SDKROOT = macosx10.7;
			};
			name = Debug;
		};
		8B18955A15CDD632007A5822 /* Release */ = {
			isa = XCBuildConfiguration;
			buildSettings = {
				ALWAYS_SEARCH_USER_PATHS = YES;
				ARCHS = "$(ARCHS_STANDARD_32_64_BIT)";
				EXECUTABLE_PREFIX = lib;
				HEADER_SEARCH_PATHS = ../include;
				PRODUCT_NAME = "$(TARGET_NAME)";
				SDKROOT = macosx10.7;
			};
			name = Release;
		};
/* End XCBuildConfiguration section */

/* Begin XCConfigurationList section */
		8B18954E15CDD632007A5822 /* Build configuration list for PBXProject "EmdrosOSX" */ = {
			isa = XCConfigurationList;
			buildConfigurations = (
				8B18955615CDD632007A5822 /* Debug */,
				8B18955715CDD632007A5822 /* Release */,
			);
			defaultConfigurationIsVisible = 0;
			defaultConfigurationName = Release;
		};
		8B18955815CDD632007A5822 /* Build configuration list for PBXNativeTarget "EmdrosOSX" */ = {
			isa = XCConfigurationList;
			buildConfigurations = (
				8B18955915CDD632007A5822 /* Debug */,
				8B18955A15CDD632007A5822 /* Release */,
			);
			defaultConfigurationIsVisible = 0;
			defaultConfigurationName = Release;
		};
/* End XCConfigurationList section */
	};
	rootObject = 8B18954B15CDD632007A5822 /* Project object */;
}
